
Microsoft Visual Studio Solution File, Format Version 12.00
# Visual Studio Version 16
VisualStudioVersion = 16.0.29806.167
MinimumVisualStudioVersion = 10.0.40219.1
Project("{9A19103F-16F7-4668-BE54-9A1E7A4F7556}") = "Core", "Core\Core.csproj", "{C896E790-E24B-4987-B63E-1951FE89FEBA}"
EndProject
Project("{9A19103F-16F7-4668-BE54-9A1E7A4F7556}") = "Infra", "Infra\Infra.csproj", "{ADAB5C41-899E-426D-B563-55DB1A8FC92C}"
EndProject
Project("{9A19103F-16F7-4668-BE54-9A1E7A4F7556}") = "Data", "Data\Data.csproj", "{2B9547B0-C32F-4875-A34C-A3D005D84868}"
EndProject
Project("{FAE04EC0-301F-11D3-BF4B-00C04F79EFBC}") = "Web", "Web\Web.csproj", "{026F5B40-236F-4FC7-99B4-BF67D3060962}"
EndProject
Project("{2150E333-8FDC-42A3-9474-1A3956D46DE8}") = "Solution Items", "Solution Items", "{CF5F4847-C2A9-4F18-9220-B468FBAAB1F0}"
	ProjectSection(SolutionItems) = preProject
		README.md = README.md
	EndProjectSection
EndProject
Global
	GlobalSection(SolutionConfigurationPlatforms) = preSolution
		Debug|Any CPU = Debug|Any CPU
		Release|Any CPU = Release|Any CPU
	EndGlobalSection
	GlobalSection(ProjectConfigurationPlatforms) = postSolution
		{C896E790-E24B-4987-B63E-1951FE89FEBA}.Debug|Any CPU.ActiveCfg = Debug|Any CPU
		{C896E790-E24B-4987-B63E-1951FE89FEBA}.Debug|Any CPU.Build.0 = Debug|Any CPU
		{C896E790-E24B-4987-B63E-1951FE89FEBA}.Release|Any CPU.ActiveCfg = Release|Any CPU
		{C896E790-E24B-4987-B63E-1951FE89FEBA}.Release|Any CPU.Build.0 = Release|Any CPU
		{ADAB5C41-899E-426D-B563-55DB1A8FC92C}.Debug|Any CPU.ActiveCfg = Debug|Any CPU
		{ADAB5C41-899E-426D-B563-55DB1A8FC92C}.Debug|Any CPU.Build.0 = Debug|Any CPU
		{ADAB5C41-899E-426D-B563-55DB1A8FC92C}.Release|Any CPU.ActiveCfg = Release|Any CPU
		{ADAB5C41-899E-426D-B563-55DB1A8FC92C}.Release|Any CPU.Build.0 = Release|Any CPU
		{2B9547B0-C32F-4875-A34C-A3D005D84868}.Debug|Any CPU.ActiveCfg = Debug|Any CPU
		{2B9547B0-C32F-4875-A34C-A3D005D84868}.Debug|Any CPU.Build.0 = Debug|Any CPU
		{2B9547B0-C32F-4875-A34C-A3D005D84868}.Release|Any CPU.ActiveCfg = Release|Any CPU
		{2B9547B0-C32F-4875-A34C-A3D005D84868}.Release|Any CPU.Build.0 = Release|Any CPU
		{026F5B40-236F-4FC7-99B4-BF67D3060962}.Debug|Any CPU.ActiveCfg = Debug|Any CPU
		{026F5B40-236F-4FC7-99B4-BF67D3060962}.Debug|Any CPU.Build.0 = Debug|Any CPU
		{026F5B40-236F-4FC7-99B4-BF67D3060962}.Release|Any CPU.ActiveCfg = Release|Any CPU
		{026F5B40-236F-4FC7-99B4-BF67D3060962}.Release|Any CPU.Build.0 = Release|Any CPU
	EndGlobalSection
	GlobalSection(SolutionProperties) = preSolution
		HideSolutionNode = FALSE
	EndGlobalSection
	GlobalSection(ExtensibilityGlobals) = postSolution
		SolutionGuid = {D67A0F97-7AAA-4DE2-B98E-BB5095776864}
	EndGlobalSection
EndGlobal
